
Microsoft Visual Studio Solution File, Format Version 12.00
# Visual Studio Version 17
VisualStudioVersion = 17.1.32414.318
MinimumVisualStudioVersion = 10.0.40219.1
Project("{FAE04EC0-301F-11D3-BF4B-00C04F79EFBC}") = "PL", "PL\PL.csproj", "{499196A4-7792-440F-8695-A5667D54E53A}"
EndProject
Global
	GlobalSection(SolutionConfigurationPlatforms) = preSolution
		Debug|Any CPU = Debug|Any CPU
		Release|Any CPU = Release|Any CPU
	EndGlobalSection
	GlobalSection(ProjectConfigurationPlatforms) = postSolution
		{499196A4-7792-440F-8695-A5667D54E53A}.Debug|Any CPU.ActiveCfg = Debug|Any CPU
		{499196A4-7792-440F-8695-A5667D54E53A}.Debug|Any CPU.Build.0 = Debug|Any CPU
		{499196A4-7792-440F-8695-A5667D54E53A}.Release|Any CPU.ActiveCfg = Release|Any CPU
		{499196A4-7792-440F-8695-A5667D54E53A}.Release|Any CPU.Build.0 = Release|Any CPU
	EndGlobalSection
	GlobalSection(SolutionProperties) = preSolution
		HideSolutionNode = FALSE
	EndGlobalSection
	GlobalSection(ExtensibilityGlobals) = postSolution
		SolutionGuid = {4A9D48D4-0661-4AEB-9061-0D50B836E173}
	EndGlobalSection
EndGlobal
